
Microsoft Visual Studio Solution File, Format Version 12.00
# Visual Studio Version 17
VisualStudioVersion = 17.13.35919.96
MinimumVisualStudioVersion = 10.0.40219.1
Project("{FAE04EC0-301F-11D3-BF4B-00C04F79EFBC}") = "YarpApiGateway", "ApiGateways\YarpApiGateway\YarpApiGateway.csproj", "{36624136-BEB6-4D37-9FB1-2E4748D98F56}"
EndProject
Project("{2150E333-8FDC-42A3-9474-1A3956D46DE8}") = "Services", "Services", "{02EA681E-C7D8-13C7-8484-4AC65E1B71E8}"
EndProject
Project("{2150E333-8FDC-42A3-9474-1A3956D46DE8}") = "Product", "Product", "{C811D8A0-9E3F-4219-BA9E-4B688DEB58FF}"
EndProject
Project("{FAE04EC0-301F-11D3-BF4B-00C04F79EFBC}") = "Product.API", "Services\Product\Product.API\Product.API.csproj", "{1FDE1C31-0907-42BF-A2E9-AF6E8FC02906}"
EndProject
Project("{E53339B2-1760-4266-BCC7-CA923CBCF16C}") = "docker-compose", "docker-compose.dcproj", "{81DDED9D-158B-E303-5F62-77A2896D2A5A}"
EndProject
Project("{2150E333-8FDC-42A3-9474-1A3956D46DE8}") = "BuildingBlocks", "BuildingBlocks", "{D86C16FC-BADF-44F7-B7B9-D44050C0F27D}"
EndProject
Project("{FAE04EC0-301F-11D3-BF4B-00C04F79EFBC}") = "BuildingBlocks", "BuildingBlocks\BuildingBlocks\BuildingBlocks.csproj", "{1F701C2D-8FCF-4066-B5C2-68792F9AACB1}"
EndProject
Project("{FAE04EC0-301F-11D3-BF4B-00C04F79EFBC}") = "Product.Application", "Services\Product\Product.Application\Product.Application.csproj", "{0821581C-70CE-40B7-9303-007737FCC970}"
EndProject
Project("{FAE04EC0-301F-11D3-BF4B-00C04F79EFBC}") = "Product.Infrastructure", "Services\Product\Product.Infrastructure\Product.Infrastructure.csproj", "{99F15D8F-FB4A-4960-A691-4F099E0C64F7}"
EndProject
Project("{FAE04EC0-301F-11D3-BF4B-00C04F79EFBC}") = "Product.Domain", "Services\Product\Product.Domain\Product.Domain.csproj", "{81D0D13D-7BEC-4322-8EDD-ECEF1F664CA0}"
EndProject
Project("{2150E333-8FDC-42A3-9474-1A3956D46DE8}") = "Inventory", "Inventory", "{695E3CEA-EFD6-4776-9550-D0B91462A420}"
EndProject
Project("{FAE04EC0-301F-11D3-BF4B-00C04F79EFBC}") = "Inventory.API", "Services\Inventory\Inventory.API\Inventory.API.csproj", "{22ABB66A-262C-45EF-8BD7-A2DACBDC140A}"
EndProject
Project("{2150E333-8FDC-42A3-9474-1A3956D46DE8}") = "User", "User", "{E1A03A15-D016-403D-95BD-9EECC8E48654}"
EndProject
Project("{FAE04EC0-301F-11D3-BF4B-00C04F79EFBC}") = "User.API", "Services\User\User.API\User.API.csproj", "{03D373A6-1C6E-4618-A5FE-09EB1E39E365}"
EndProject
Project("{FAE04EC0-301F-11D3-BF4B-00C04F79EFBC}") = "User.Application", "Services\User\User.Application\User.Application.csproj", "{534D2362-B590-42BB-BFBF-2B27300121EF}"
EndProject
Project("{FAE04EC0-301F-11D3-BF4B-00C04F79EFBC}") = "User.Infrastructure", "Services\User\User.Infrastructure\User.Infrastructure.csproj", "{EDAED8E2-57C3-4C89-B11E-FC6B990B928C}"
EndProject
Project("{FAE04EC0-301F-11D3-BF4B-00C04F79EFBC}") = "User.Domain", "Services\User\User.Domain\User.Domain.csproj", "{0FA65B44-F7DA-4A63-BCAD-BBAE5E56B44F}"
EndProject
Project("{FAE04EC0-301F-11D3-BF4B-00C04F79EFBC}") = "Inventory.Domain", "Services\Inventory\Inventory.Domain\Inventory.Domain.csproj", "{20BC5447-66D5-42BD-9ABC-E803BC81EEE2}"
EndProject
Project("{FAE04EC0-301F-11D3-BF4B-00C04F79EFBC}") = "Inventory.Application", "Services\Inventory\Inventory.Application\Inventory.Application.csproj", "{3E13A9A8-A16B-4236-BAFB-D97EE9E9ED7F}"
EndProject
Project("{FAE04EC0-301F-11D3-BF4B-00C04F79EFBC}") = "Inventory.Infrastructure", "Services\Inventory\Inventory.Infrastructure\Inventory.Infrastructure.csproj", "{87D70C35-0077-48E6-BD23-1116EEFBC0BF}"
EndProject
Project("{2150E333-8FDC-42A3-9474-1A3956D46DE8}") = "Category", "Category", "{3A0761C7-100E-4472-89AA-2EEE3611B454}"
EndProject
Project("{FAE04EC0-301F-11D3-BF4B-00C04F79EFBC}") = "Category.API", "Services\Category\Category.API\Category.API.csproj", "{BA23836D-D31B-456C-B2BB-45F4EA5D9719}"
EndProject
Project("{FAE04EC0-301F-11D3-BF4B-00C04F79EFBC}") = "Category.Application", "Services\Category\Category.Application\Category.Application.csproj", "{2F3A4248-CC07-4DF3-8399-96EBB5003D02}"
EndProject
Project("{FAE04EC0-301F-11D3-BF4B-00C04F79EFBC}") = "Category.Infrastructure", "Services\Category\Category.Infrastructure\Category.Infrastructure.csproj", "{68F07C9E-2D6B-458A-A88A-D3E751960CA8}"
EndProject
Project("{FAE04EC0-301F-11D3-BF4B-00C04F79EFBC}") = "Category.Domain", "Services\Category\Category.Domain\Category.Domain.csproj", "{571F7643-21F6-40F8-ABCE-0E88FC8A8856}"
EndProject
Project("{2150E333-8FDC-42A3-9474-1A3956D46DE8}") = "Brand", "Brand", "{35E03C4F-2E8A-4ABB-B226-FEBEF319D904}"
EndProject
Project("{FAE04EC0-301F-11D3-BF4B-00C04F79EFBC}") = "Brand.API", "Services\Brand\Brand.API\Brand.API.csproj", "{84BCADD5-E2C8-C9D5-9005-BD86E9151ED8}"
EndProject
Project("{FAE04EC0-301F-11D3-BF4B-00C04F79EFBC}") = "Brand.Application", "Services\Brand\Brand.Application\Brand.Application.csproj", "{A70DD1D1-6B69-7A9F-149B-7D4E9B7C2A49}"
EndProject
Project("{FAE04EC0-301F-11D3-BF4B-00C04F79EFBC}") = "Brand.Domain", "Services\Brand\Brand.Domain\Brand.Domain.csproj", "{29489BA7-61DD-A689-DB2F-A2D8596E9EA7}"
EndProject
Project("{FAE04EC0-301F-11D3-BF4B-00C04F79EFBC}") = "Brand.Infrastructure", "Services\Brand\Brand.Infrastructure\Brand.Infrastructure.csproj", "{E3804058-8E22-C9BE-638A-7FF4A53795D6}"
EndProject
Global
	GlobalSection(SolutionConfigurationPlatforms) = preSolution
		Debug|Any CPU = Debug|Any CPU
		Release|Any CPU = Release|Any CPU
	EndGlobalSection
	GlobalSection(ProjectConfigurationPlatforms) = postSolution
		{36624136-BEB6-4D37-9FB1-2E4748D98F56}.Debug|Any CPU.ActiveCfg = Debug|Any CPU
		{36624136-BEB6-4D37-9FB1-2E4748D98F56}.Debug|Any CPU.Build.0 = Debug|Any CPU
		{36624136-BEB6-4D37-9FB1-2E4748D98F56}.Release|Any CPU.ActiveCfg = Release|Any CPU
		{36624136-BEB6-4D37-9FB1-2E4748D98F56}.Release|Any CPU.Build.0 = Release|Any CPU
		{1FDE1C31-0907-42BF-A2E9-AF6E8FC02906}.Debug|Any CPU.ActiveCfg = Debug|Any CPU
		{1FDE1C31-0907-42BF-A2E9-AF6E8FC02906}.Debug|Any CPU.Build.0 = Debug|Any CPU
		{1FDE1C31-0907-42BF-A2E9-AF6E8FC02906}.Release|Any CPU.ActiveCfg = Release|Any CPU
		{1FDE1C31-0907-42BF-A2E9-AF6E8FC02906}.Release|Any CPU.Build.0 = Release|Any CPU
		{81DDED9D-158B-E303-5F62-77A2896D2A5A}.Debug|Any CPU.ActiveCfg = Debug|Any CPU
		{81DDED9D-158B-E303-5F62-77A2896D2A5A}.Debug|Any CPU.Build.0 = Debug|Any CPU
		{81DDED9D-158B-E303-5F62-77A2896D2A5A}.Release|Any CPU.ActiveCfg = Release|Any CPU
		{81DDED9D-158B-E303-5F62-77A2896D2A5A}.Release|Any CPU.Build.0 = Release|Any CPU
		{1F701C2D-8FCF-4066-B5C2-68792F9AACB1}.Debug|Any CPU.ActiveCfg = Debug|Any CPU
		{1F701C2D-8FCF-4066-B5C2-68792F9AACB1}.Debug|Any CPU.Build.0 = Debug|Any CPU
		{1F701C2D-8FCF-4066-B5C2-68792F9AACB1}.Release|Any CPU.ActiveCfg = Release|Any CPU
		{1F701C2D-8FCF-4066-B5C2-68792F9AACB1}.Release|Any CPU.Build.0 = Release|Any CPU
		{0821581C-70CE-40B7-9303-007737FCC970}.Debug|Any CPU.ActiveCfg = Debug|Any CPU
		{0821581C-70CE-40B7-9303-007737FCC970}.Debug|Any CPU.Build.0 = Debug|Any CPU
		{0821581C-70CE-40B7-9303-007737FCC970}.Release|Any CPU.ActiveCfg = Release|Any CPU
		{0821581C-70CE-40B7-9303-007737FCC970}.Release|Any CPU.Build.0 = Release|Any CPU
		{99F15D8F-FB4A-4960-A691-4F099E0C64F7}.Debug|Any CPU.ActiveCfg = Debug|Any CPU
		{99F15D8F-FB4A-4960-A691-4F099E0C64F7}.Debug|Any CPU.Build.0 = Debug|Any CPU
		{99F15D8F-FB4A-4960-A691-4F099E0C64F7}.Release|Any CPU.ActiveCfg = Release|Any CPU
		{99F15D8F-FB4A-4960-A691-4F099E0C64F7}.Release|Any CPU.Build.0 = Release|Any CPU
		{81D0D13D-7BEC-4322-8EDD-ECEF1F664CA0}.Debug|Any CPU.ActiveCfg = Debug|Any CPU
		{81D0D13D-7BEC-4322-8EDD-ECEF1F664CA0}.Debug|Any CPU.Build.0 = Debug|Any CPU
		{81D0D13D-7BEC-4322-8EDD-ECEF1F664CA0}.Release|Any CPU.ActiveCfg = Release|Any CPU
		{81D0D13D-7BEC-4322-8EDD-ECEF1F664CA0}.Release|Any CPU.Build.0 = Release|Any CPU
		{22ABB66A-262C-45EF-8BD7-A2DACBDC140A}.Debug|Any CPU.ActiveCfg = Debug|Any CPU
		{22ABB66A-262C-45EF-8BD7-A2DACBDC140A}.Debug|Any CPU.Build.0 = Debug|Any CPU
		{22ABB66A-262C-45EF-8BD7-A2DACBDC140A}.Release|Any CPU.ActiveCfg = Release|Any CPU
		{22ABB66A-262C-45EF-8BD7-A2DACBDC140A}.Release|Any CPU.Build.0 = Release|Any CPU
		{03D373A6-1C6E-4618-A5FE-09EB1E39E365}.Debug|Any CPU.ActiveCfg = Debug|Any CPU
		{03D373A6-1C6E-4618-A5FE-09EB1E39E365}.Debug|Any CPU.Build.0 = Debug|Any CPU
		{03D373A6-1C6E-4618-A5FE-09EB1E39E365}.Release|Any CPU.ActiveCfg = Release|Any CPU
		{03D373A6-1C6E-4618-A5FE-09EB1E39E365}.Release|Any CPU.Build.0 = Release|Any CPU
		{534D2362-B590-42BB-BFBF-2B27300121EF}.Debug|Any CPU.ActiveCfg = Debug|Any CPU
		{534D2362-B590-42BB-BFBF-2B27300121EF}.Debug|Any CPU.Build.0 = Debug|Any CPU
		{534D2362-B590-42BB-BFBF-2B27300121EF}.Release|Any CPU.ActiveCfg = Release|Any CPU
		{534D2362-B590-42BB-BFBF-2B27300121EF}.Release|Any CPU.Build.0 = Release|Any CPU
		{EDAED8E2-57C3-4C89-B11E-FC6B990B928C}.Debug|Any CPU.ActiveCfg = Debug|Any CPU
		{EDAED8E2-57C3-4C89-B11E-FC6B990B928C}.Debug|Any CPU.Build.0 = Debug|Any CPU
		{EDAED8E2-57C3-4C89-B11E-FC6B990B928C}.Release|Any CPU.ActiveCfg = Release|Any CPU
		{EDAED8E2-57C3-4C89-B11E-FC6B990B928C}.Release|Any CPU.Build.0 = Release|Any CPU
		{0FA65B44-F7DA-4A63-BCAD-BBAE5E56B44F}.Debug|Any CPU.ActiveCfg = Debug|Any CPU
		{0FA65B44-F7DA-4A63-BCAD-BBAE5E56B44F}.Debug|Any CPU.Build.0 = Debug|Any CPU
		{0FA65B44-F7DA-4A63-BCAD-BBAE5E56B44F}.Release|Any CPU.ActiveCfg = Release|Any CPU
		{0FA65B44-F7DA-4A63-BCAD-BBAE5E56B44F}.Release|Any CPU.Build.0 = Release|Any CPU
		{20BC5447-66D5-42BD-9ABC-E803BC81EEE2}.Debug|Any CPU.ActiveCfg = Debug|Any CPU
		{20BC5447-66D5-42BD-9ABC-E803BC81EEE2}.Debug|Any CPU.Build.0 = Debug|Any CPU
		{20BC5447-66D5-42BD-9ABC-E803BC81EEE2}.Release|Any CPU.ActiveCfg = Release|Any CPU
		{20BC5447-66D5-42BD-9ABC-E803BC81EEE2}.Release|Any CPU.Build.0 = Release|Any CPU
		{3E13A9A8-A16B-4236-BAFB-D97EE9E9ED7F}.Debug|Any CPU.ActiveCfg = Debug|Any CPU
		{3E13A9A8-A16B-4236-BAFB-D97EE9E9ED7F}.Debug|Any CPU.Build.0 = Debug|Any CPU
		{3E13A9A8-A16B-4236-BAFB-D97EE9E9ED7F}.Release|Any CPU.ActiveCfg = Release|Any CPU
		{3E13A9A8-A16B-4236-BAFB-D97EE9E9ED7F}.Release|Any CPU.Build.0 = Release|Any CPU
		{87D70C35-0077-48E6-BD23-1116EEFBC0BF}.Debug|Any CPU.ActiveCfg = Debug|Any CPU
		{87D70C35-0077-48E6-BD23-1116EEFBC0BF}.Debug|Any CPU.Build.0 = Debug|Any CPU
		{87D70C35-0077-48E6-BD23-1116EEFBC0BF}.Release|Any CPU.ActiveCfg = Release|Any CPU
		{87D70C35-0077-48E6-BD23-1116EEFBC0BF}.Release|Any CPU.Build.0 = Release|Any CPU
		{BA23836D-D31B-456C-B2BB-45F4EA5D9719}.Debug|Any CPU.ActiveCfg = Debug|Any CPU
		{BA23836D-D31B-456C-B2BB-45F4EA5D9719}.Debug|Any CPU.Build.0 = Debug|Any CPU
		{BA23836D-D31B-456C-B2BB-45F4EA5D9719}.Release|Any CPU.ActiveCfg = Release|Any CPU
		{BA23836D-D31B-456C-B2BB-45F4EA5D9719}.Release|Any CPU.Build.0 = Release|Any CPU
		{2F3A4248-CC07-4DF3-8399-96EBB5003D02}.Debug|Any CPU.ActiveCfg = Debug|Any CPU
		{2F3A4248-CC07-4DF3-8399-96EBB5003D02}.Debug|Any CPU.Build.0 = Debug|Any CPU
		{2F3A4248-CC07-4DF3-8399-96EBB5003D02}.Release|Any CPU.ActiveCfg = Release|Any CPU
		{2F3A4248-CC07-4DF3-8399-96EBB5003D02}.Release|Any CPU.Build.0 = Release|Any CPU
		{68F07C9E-2D6B-458A-A88A-D3E751960CA8}.Debug|Any CPU.ActiveCfg = Debug|Any CPU
		{68F07C9E-2D6B-458A-A88A-D3E751960CA8}.Debug|Any CPU.Build.0 = Debug|Any CPU
		{68F07C9E-2D6B-458A-A88A-D3E751960CA8}.Release|Any CPU.ActiveCfg = Release|Any CPU
		{68F07C9E-2D6B-458A-A88A-D3E751960CA8}.Release|Any CPU.Build.0 = Release|Any CPU
		{571F7643-21F6-40F8-ABCE-0E88FC8A8856}.Debug|Any CPU.ActiveCfg = Debug|Any CPU
		{571F7643-21F6-40F8-ABCE-0E88FC8A8856}.Debug|Any CPU.Build.0 = Debug|Any CPU
		{571F7643-21F6-40F8-ABCE-0E88FC8A8856}.Release|Any CPU.ActiveCfg = Release|Any CPU
		{571F7643-21F6-40F8-ABCE-0E88FC8A8856}.Release|Any CPU.Build.0 = Release|Any CPU
		{84BCADD5-E2C8-C9D5-9005-BD86E9151ED8}.Debug|Any CPU.ActiveCfg = Debug|Any CPU
		{84BCADD5-E2C8-C9D5-9005-BD86E9151ED8}.Debug|Any CPU.Build.0 = Debug|Any CPU
		{84BCADD5-E2C8-C9D5-9005-BD86E9151ED8}.Release|Any CPU.ActiveCfg = Release|Any CPU
		{84BCADD5-E2C8-C9D5-9005-BD86E9151ED8}.Release|Any CPU.Build.0 = Release|Any CPU
		{A70DD1D1-6B69-7A9F-149B-7D4E9B7C2A49}.Debug|Any CPU.ActiveCfg = Debug|Any CPU
		{A70DD1D1-6B69-7A9F-149B-7D4E9B7C2A49}.Debug|Any CPU.Build.0 = Debug|Any CPU
		{A70DD1D1-6B69-7A9F-149B-7D4E9B7C2A49}.Release|Any CPU.ActiveCfg = Release|Any CPU
		{A70DD1D1-6B69-7A9F-149B-7D4E9B7C2A49}.Release|Any CPU.Build.0 = Release|Any CPU
		{29489BA7-61DD-A689-DB2F-A2D8596E9EA7}.Debug|Any CPU.ActiveCfg = Debug|Any CPU
		{29489BA7-61DD-A689-DB2F-A2D8596E9EA7}.Debug|Any CPU.Build.0 = Debug|Any CPU
		{29489BA7-61DD-A689-DB2F-A2D8596E9EA7}.Release|Any CPU.ActiveCfg = Release|Any CPU
		{29489BA7-61DD-A689-DB2F-A2D8596E9EA7}.Release|Any CPU.Build.0 = Release|Any CPU
		{E3804058-8E22-C9BE-638A-7FF4A53795D6}.Debug|Any CPU.ActiveCfg = Debug|Any CPU
		{E3804058-8E22-C9BE-638A-7FF4A53795D6}.Debug|Any CPU.Build.0 = Debug|Any CPU
		{E3804058-8E22-C9BE-638A-7FF4A53795D6}.Release|Any CPU.ActiveCfg = Release|Any CPU
		{E3804058-8E22-C9BE-638A-7FF4A53795D6}.Release|Any CPU.Build.0 = Release|Any CPU
	EndGlobalSection
	GlobalSection(SolutionProperties) = preSolution
		HideSolutionNode = FALSE
	EndGlobalSection
	GlobalSection(NestedProjects) = preSolution
		{C811D8A0-9E3F-4219-BA9E-4B688DEB58FF} = {02EA681E-C7D8-13C7-8484-4AC65E1B71E8}
		{1FDE1C31-0907-42BF-A2E9-AF6E8FC02906} = {C811D8A0-9E3F-4219-BA9E-4B688DEB58FF}
		{1F701C2D-8FCF-4066-B5C2-68792F9AACB1} = {D86C16FC-BADF-44F7-B7B9-D44050C0F27D}
		{0821581C-70CE-40B7-9303-007737FCC970} = {C811D8A0-9E3F-4219-BA9E-4B688DEB58FF}
		{99F15D8F-FB4A-4960-A691-4F099E0C64F7} = {C811D8A0-9E3F-4219-BA9E-4B688DEB58FF}
		{81D0D13D-7BEC-4322-8EDD-ECEF1F664CA0} = {C811D8A0-9E3F-4219-BA9E-4B688DEB58FF}
		{695E3CEA-EFD6-4776-9550-D0B91462A420} = {02EA681E-C7D8-13C7-8484-4AC65E1B71E8}
		{22ABB66A-262C-45EF-8BD7-A2DACBDC140A} = {695E3CEA-EFD6-4776-9550-D0B91462A420}
		{E1A03A15-D016-403D-95BD-9EECC8E48654} = {02EA681E-C7D8-13C7-8484-4AC65E1B71E8}
		{03D373A6-1C6E-4618-A5FE-09EB1E39E365} = {E1A03A15-D016-403D-95BD-9EECC8E48654}
		{534D2362-B590-42BB-BFBF-2B27300121EF} = {E1A03A15-D016-403D-95BD-9EECC8E48654}
		{EDAED8E2-57C3-4C89-B11E-FC6B990B928C} = {E1A03A15-D016-403D-95BD-9EECC8E48654}
		{0FA65B44-F7DA-4A63-BCAD-BBAE5E56B44F} = {E1A03A15-D016-403D-95BD-9EECC8E48654}
		{20BC5447-66D5-42BD-9ABC-E803BC81EEE2} = {695E3CEA-EFD6-4776-9550-D0B91462A420}
		{3E13A9A8-A16B-4236-BAFB-D97EE9E9ED7F} = {695E3CEA-EFD6-4776-9550-D0B91462A420}
		{87D70C35-0077-48E6-BD23-1116EEFBC0BF} = {695E3CEA-EFD6-4776-9550-D0B91462A420}
		{3A0761C7-100E-4472-89AA-2EEE3611B454} = {02EA681E-C7D8-13C7-8484-4AC65E1B71E8}
		{BA23836D-D31B-456C-B2BB-45F4EA5D9719} = {3A0761C7-100E-4472-89AA-2EEE3611B454}
		{2F3A4248-CC07-4DF3-8399-96EBB5003D02} = {3A0761C7-100E-4472-89AA-2EEE3611B454}
		{68F07C9E-2D6B-458A-A88A-D3E751960CA8} = {3A0761C7-100E-4472-89AA-2EEE3611B454}
		{571F7643-21F6-40F8-ABCE-0E88FC8A8856} = {3A0761C7-100E-4472-89AA-2EEE3611B454}
		{35E03C4F-2E8A-4ABB-B226-FEBEF319D904} = {02EA681E-C7D8-13C7-8484-4AC65E1B71E8}
		{84BCADD5-E2C8-C9D5-9005-BD86E9151ED8} = {35E03C4F-2E8A-4ABB-B226-FEBEF319D904}
		{A70DD1D1-6B69-7A9F-149B-7D4E9B7C2A49} = {35E03C4F-2E8A-4ABB-B226-FEBEF319D904}
		{29489BA7-61DD-A689-DB2F-A2D8596E9EA7} = {35E03C4F-2E8A-4ABB-B226-FEBEF319D904}
		{E3804058-8E22-C9BE-638A-7FF4A53795D6} = {35E03C4F-2E8A-4ABB-B226-FEBEF319D904}
	EndGlobalSection
	GlobalSection(ExtensibilityGlobals) = postSolution
		SolutionGuid = {0B18C4C1-095A-4AA2-8964-F3F0A4DEA5C2}
	EndGlobalSection
EndGlobal
